{
  "version": 4,
  "terraform_version": "1.7.1",
  "serial": 14,
  "lineage": "bf7c0d90-185c-27e0-fb41-5fae5b97945b",
  "outputs": {
    "annotation": {
      "value": "eks.amazonaws.com/role-arn=arn:aws-us-gov:iam::175199271354:role/LokiStorage-cluster-deploy-test-3",
      "type": "string"
    }
  },
  "resources": [
    {
      "mode": "data",
      "type": "aws_caller_identity",
      "name": "current",
      "provider": "provider[\"registry.terraform.io/hashicorp/aws\"]",
      "instances": [
        {
          "schema_version": 0,
          "attributes": {
            "account_id": "175199271354",
            "arn": "arn:aws-us-gov:sts::175199271354:assumed-role/ADFS-ProgramAdministrator/kyle.rafaels",
            "id": "175199271354",
            "user_id": "AROASRSVQXG5MLUDT6H4B:kyle.rafaels"
          },
          "sensitive_attributes": []
        }
      ]
    },
    {
      "mode": "data",
      "type": "aws_eks_cluster",
      "name": "current",
      "provider": "provider[\"registry.terraform.io/hashicorp/aws\"]",
      "instances": [
        {
          "schema_version": 0,
          "attributes": {
            "access_config": [
              {
                "authentication_mode": "API_AND_CONFIG_MAP",
                "bootstrap_cluster_creator_admin_permissions": true
              }
            ],
            "arn": "arn:aws-us-gov:eks:us-gov-west-1:175199271354:cluster/cluster-deploy-test-3",
            "certificate_authority": [
              {
                "data": "LS0tLS1CRUdJTiBDRVJUSUZJQ0FURS0tLS0tCk1JSURCVENDQWUyZ0F3SUJBZ0lJTG42RnRYQ2Rabzh3RFFZSktvWklodmNOQVFFTEJRQXdGVEVUTUJFR0ExVUUKQXhNS2EzVmlaWEp1WlhSbGN6QWVGdzB5TkRBM01qa3hNelExTkRGYUZ3MHpOREEzTWpjeE16VXdOREZhTUJVeApFekFSQmdOVkJBTVRDbXQxWW1WeWJtVjBaWE13Z2dFaU1BMEdDU3FHU0liM0RRRUJBUVVBQTRJQkR3QXdnZ0VLCkFvSUJBUURFZWZZWitNWEt5ak8zZmNBN3FLU1U4NUhoTjhzUElzOWRlUGdBYjhIN3F6c1VyMnhrczU1Nk0zN3MKVXBUN0FZdEpQMW1abElFdm11Q2FVN2taU09wYVduZ0hSOGNPc0pYREx2SXRxUFhBd3IwOGQ1V01TUFh3dHFhMgpTMUVWUGZSYUtRY0RmbFVPcFIxRnE3SytBbzFHN3VzaFdpRkNiMlk5QWg0QTVpVjdod1YzQ1JsUjN2aWIrc0pYCi9kak9vVkloUXd2NzNJMGlwMVlUMkk0V1BHYVUya2Rwc2lJYmZMQ28xdEluK3dUTkNXckZ6Si9YQWJFdHRObmUKZTZDV2xrNnJ1VUdLZXNKTkMwOUhYWllJZ1Ayd2RwVktSUllyRTBZcStuZG5XWjc4MHU5RnAxeVdrZWJpbDdHMApPOWtEMmFLaFF1Q1JWZ25VTkx4MlhVVm5SZEZsQWdNQkFBR2pXVEJYTUE0R0ExVWREd0VCL3dRRUF3SUNwREFQCkJnTlZIUk1CQWY4RUJUQURBUUgvTUIwR0ExVWREZ1FXQkJTZjNhVFI3cFRiT0NodHlhZFkwTjA0MFJYdGZEQVYKQmdOVkhSRUVEakFNZ2dwcmRXSmxjbTVsZEdWek1BMEdDU3FHU0liM0RRRUJDd1VBQTRJQkFRQzdqbE40K2IraQo4MXVtRkF0VlNKM1pmbmtPNCs5RHdQOGR3SlpDdGNoWWRiRDRGRlZ2OW5tcER2NTBhNnhIeXNZYXRST0dhVk1PCmtDekwvaWlqd1dEWlZ3NmZPaHVMKy9MS3VqejJETVlVYitsY0JjQkNLd1JVaXFmZTZMM3lBNlBqNWJ2OFJ4MnEKNW5mZjZTazU3SXNWWDFFQUJLVjk0cmxGd0d2K09lZ3N6Y2FWd1U5TmRBSkVEV1FyTGQxWjFnOW9HNU9BU09LcQpGSThwMSs4V3dxRHVaQXNBb1ZGYVVsZnhzb3pWTFV3YTBLTUNkV2hqK3RaczdPd0J5b1pVdWNpTzVnb1NSaTU0CkpOWjF2N0ZnNjJ1czlnMDZDNXE0bVczbi9yQWg3WmxhUkR0WUw5ditCQUJwa0diU3E3S09CRjVaRFdTdGgrYlgKVGg0bTlCNUdpM2tRCi0tLS0tRU5EIENFUlRJRklDQVRFLS0tLS0K"
              }
            ],
            "cluster_id": null,
            "created_at": "2024-07-29 13:46:01.24 +0000 UTC",
            "enabled_cluster_log_types": [],
            "endpoint": "https://C67975925992AB72BF77B5EC6038A8E4.yl4.us-gov-west-1.eks.amazonaws.com",
            "id": "cluster-deploy-test-3",
            "identity": [
              {
                "oidc": [
                  {
                    "issuer": "https://oidc.eks.us-gov-west-1.amazonaws.com/id/C67975925992AB72BF77B5EC6038A8E4"
                  }
                ]
              }
            ],
            "kubernetes_network_config": [
              {
                "ip_family": "ipv4",
                "service_ipv4_cidr": "172.20.0.0/16",
                "service_ipv6_cidr": ""
              }
            ],
            "name": "cluster-deploy-test-3",
            "outpost_config": [],
            "platform_version": "eks.6",
            "role_arn": "arn:aws-us-gov:iam::175199271354:role/eksctl-cluster-deploy-test-3-cluster-ServiceRole-RWrqT8rKjwlg",
            "status": "ACTIVE",
            "tags": {
              "Name": "eksctl-cluster-deploy-test-3-cluster/ControlPlane",
              "Persistent": "true",
              "alpha.eksctl.io/cluster-name": "cluster-deploy-test-3",
              "alpha.eksctl.io/cluster-oidc-enabled": "true",
              "alpha.eksctl.io/eksctl-version": "0.187.0",
              "eksctl.cluster.k8s.io/v1alpha1/cluster-name": "cluster-deploy-test-3"
            },
            "upgrade_policy": [
              {
                "support_type": "EXTENDED"
              }
            ],
            "version": "1.30",
            "vpc_config": [
              {
                "cluster_security_group_id": "sg-07b9cd8d618bb7225",
                "endpoint_private_access": true,
                "endpoint_public_access": false,
                "public_access_cidrs": [],
                "security_group_ids": [
                  "sg-02fa9c7b99f68798b"
                ],
                "subnet_ids": [
                  "subnet-06698e97e34d6e250",
                  "subnet-0f6aebfa6e98da2ef"
                ],
                "vpc_id": "vpc-0ff6f5e49e0dfa8a3"
              }
            ]
          },
          "sensitive_attributes": []
        }
      ]
    },
    {
      "mode": "data",
      "type": "aws_iam_policy_document",
      "name": "oidc",
      "provider": "provider[\"registry.terraform.io/hashicorp/aws\"]",
      "instances": [
        {
          "schema_version": 0,
          "attributes": {
            "id": "834326025",
            "json": "{\n  \"Version\": \"2012-10-17\",\n  \"Statement\": [\n    {\n      \"Effect\": \"Allow\",\n      \"Action\": \"sts:AssumeRoleWithWebIdentity\",\n      \"Principal\": {\n        \"Federated\": \"arn:aws:iam::175199271354:oidc-provider/oidc.eks.us-gov-west-1.amazonaws.com/id/C67975925992AB72BF77B5EC6038A8E4\"\n      },\n      \"Condition\": {\n        \"StringEquals\": {\n          \"oidc.eks.us-gov-west-1.amazonaws.com/id/C67975925992AB72BF77B5EC6038A8E4:aud\": \"sts.amazonaws.com\",\n          \"oidc.eks.us-gov-west-1.amazonaws.com/id/C67975925992AB72BF77B5EC6038A8E4:sub\": \"system:serviceaccount:loki:loki\"\n        }\n      }\n    }\n  ]\n}",
            "minified_json": "{\"Version\":\"2012-10-17\",\"Statement\":[{\"Effect\":\"Allow\",\"Action\":\"sts:AssumeRoleWithWebIdentity\",\"Principal\":{\"Federated\":\"arn:aws:iam::175199271354:oidc-provider/oidc.eks.us-gov-west-1.amazonaws.com/id/C67975925992AB72BF77B5EC6038A8E4\"},\"Condition\":{\"StringEquals\":{\"oidc.eks.us-gov-west-1.amazonaws.com/id/C67975925992AB72BF77B5EC6038A8E4:aud\":\"sts.amazonaws.com\",\"oidc.eks.us-gov-west-1.amazonaws.com/id/C67975925992AB72BF77B5EC6038A8E4:sub\":\"system:serviceaccount:loki:loki\"}}}]}",
            "override_json": null,
            "override_policy_documents": null,
            "policy_id": null,
            "source_json": null,
            "source_policy_documents": null,
            "statement": [
              {
                "actions": [
                  "sts:AssumeRoleWithWebIdentity"
                ],
                "condition": [
                  {
                    "test": "StringEquals",
                    "values": [
                      "sts.amazonaws.com"
                    ],
                    "variable": "oidc.eks.us-gov-west-1.amazonaws.com/id/C67975925992AB72BF77B5EC6038A8E4:aud"
                  },
                  {
                    "test": "StringEquals",
                    "values": [
                      "system:serviceaccount:loki:loki"
                    ],
                    "variable": "oidc.eks.us-gov-west-1.amazonaws.com/id/C67975925992AB72BF77B5EC6038A8E4:sub"
                  }
                ],
                "effect": "Allow",
                "not_actions": [],
                "not_principals": [],
                "not_resources": [],
                "principals": [
                  {
                    "identifiers": [
                      "arn:aws:iam::175199271354:oidc-provider/oidc.eks.us-gov-west-1.amazonaws.com/id/C67975925992AB72BF77B5EC6038A8E4"
                    ],
                    "type": "Federated"
                  }
                ],
                "resources": [],
                "sid": ""
              }
            ],
            "version": "2012-10-17"
          },
          "sensitive_attributes": []
        }
      ]
    },
    {
      "mode": "managed",
      "type": "aws_iam_role",
      "name": "loki",
      "provider": "provider[\"registry.terraform.io/hashicorp/aws\"]",
      "instances": [
        {
          "schema_version": 0,
          "attributes": {
            "arn": "arn:aws-us-gov:iam::175199271354:role/LokiStorage-cluster-deploy-test-3",
            "assume_role_policy": "{\"Statement\":[{\"Action\":\"sts:AssumeRoleWithWebIdentity\",\"Condition\":{\"StringEquals\":{\"oidc.eks.us-gov-west-1.amazonaws.com/id/C67975925992AB72BF77B5EC6038A8E4:aud\":\"sts.amazonaws.com\",\"oidc.eks.us-gov-west-1.amazonaws.com/id/C67975925992AB72BF77B5EC6038A8E4:sub\":\"system:serviceaccount:loki:loki\"}},\"Effect\":\"Allow\",\"Principal\":{\"Federated\":\"arn:aws:iam::175199271354:oidc-provider/oidc.eks.us-gov-west-1.amazonaws.com/id/C67975925992AB72BF77B5EC6038A8E4\"}}],\"Version\":\"2012-10-17\"}",
            "create_date": "2024-09-16T18:48:09Z",
            "description": "",
            "force_detach_policies": false,
            "id": "LokiStorage-cluster-deploy-test-3",
            "inline_policy": [
              {
                "name": "",
                "policy": ""
              }
            ],
            "managed_policy_arns": [],
            "max_session_duration": 3600,
            "name": "LokiStorage-cluster-deploy-test-3",
            "name_prefix": "",
            "path": "/",
            "permissions_boundary": "",
            "tags": {},
            "tags_all": {},
            "unique_id": "AROASRSVQXG5DJAY6GTCP"
          },
          "sensitive_attributes": [],
          "private": "bnVsbA==",
          "dependencies": [
            "data.aws_caller_identity.current",
            "data.aws_eks_cluster.current",
            "data.aws_iam_policy_document.oidc"
          ]
        }
      ]
    }
  ],
  "check_results": null
}
